
Microsoft Visual Studio Solution File, Format Version 12.00
# Visual Studio Version 16
VisualStudioVersion = 16.0.29001.49
MinimumVisualStudioVersion = 10.0.40219.1
Project("{FAE04EC0-301F-11D3-BF4B-00C04F79EFBC}") = "BeatBoards", "BeatBoards.csproj", "{E97543B9-8AF0-4185-8B58-105B6782FED4}"
EndProject
Global
	GlobalSection(SolutionConfigurationPlatforms) = preSolution
		Debug|Any CPU = Debug|Any CPU
		Release|Any CPU = Release|Any CPU
	EndGlobalSection
	GlobalSection(ProjectConfigurationPlatforms) = postSolution
		{E97543B9-8AF0-4185-8B58-105B6782FED4}.Debug|Any CPU.ActiveCfg = Debug|Any CPU
		{E97543B9-8AF0-4185-8B58-105B6782FED4}.Debug|Any CPU.Build.0 = Debug|Any CPU
		{E97543B9-8AF0-4185-8B58-105B6782FED4}.Release|Any CPU.ActiveCfg = Release|Any CPU
		{E97543B9-8AF0-4185-8B58-105B6782FED4}.Release|Any CPU.Build.0 = Release|Any CPU
	EndGlobalSection
	GlobalSection(SolutionProperties) = preSolution
		HideSolutionNode = FALSE
	EndGlobalSection
	GlobalSection(ExtensibilityGlobals) = postSolution
		SolutionGuid = {2ABD3E78-76D5-431F-A8EA-FDAB77A927DD}
	EndGlobalSection
EndGlobal
